{
  "name": "find-duplicate-file-algorithm",
  "version": "1.0.0",
  "lockfileVersion": 1,
  "requires": true,
  "dependencies": {
    "blob-to-hash": {
      "version": "0.0.1",
      "resolved": "https://registry.npmjs.org/blob-to-hash/-/blob-to-hash-0.0.1.tgz",
      "integrity": "sha512-V9N46n90/oa7U+GSYo1lZfPmn9DDVUP//eqy3jErzaTglI2o6SNsUtcNqfH79tBbUaVnx6XNJRGG8LTyb/hxCQ=="
    },
    "blob-to-sha512": {
      "version": "0.0.1",
      "resolved": "https://registry.npmjs.org/blob-to-sha512/-/blob-to-sha512-0.0.1.tgz",
      "integrity": "sha512-65JPlz7tUu2ljVjT8VkF2UTi5keyr20PWsorpM8MUy4g8zrVjV2zpoae4Tn9l5N+A0qA6VwV7viUTs/w0qaSaA==",
      "requires": {
        "blob-to-hash": "^0.0.1"
      }
    },
    "data-to-hash": {
      "version": "0.0.1",
      "resolved": "https://registry.npmjs.org/data-to-hash/-/data-to-hash-0.0.1.tgz",
      "integrity": "sha512-SkiAFcTWEVMXdYDtn+b84uTftA+n2VEiTiBlAh8DYR4VK8NMEPmSwo3aGmB5QV64SrfMgq6DhQhu2gXYIe94Sw=="
    },
    "data-to-sha512": {
      "version": "0.0.1",
      "resolved": "https://registry.npmjs.org/data-to-sha512/-/data-to-sha512-0.0.1.tgz",
      "integrity": "sha512-CxRGuFjf+8sQs5SVPnT51/iTAoxBi9cNd3KwMlajotk83TD5CzLqW9h0UXDjVj5d95wz1cG1kGC6sRVXcDvZ5w==",
      "requires": {
        "data-to-hash": "^0.0.1"
      }
    },
    "file-to-sha512": {
      "version": "0.0.1",
      "resolved": "https://registry.npmjs.org/file-to-sha512/-/file-to-sha512-0.0.1.tgz",
      "integrity": "sha512-3PpQGUl2IoSZ/SsOQxzm43VsyODrnj4YKDsIhSKNJkyQrXOqN/S9A+pahOPG61qDXbPnw+9pV3wtYR+VQs1HQg==",
      "requires": {
        "blob-to-sha512": "^0.0.1",
        "data-to-sha512": "^0.0.1",
        "path-to-sha512": "^0.0.1"
      }
    },
    "fs": {
      "version": "0.0.1-security",
      "resolved": "https://registry.npmjs.org/fs/-/fs-0.0.1-security.tgz",
      "integrity": "sha1-invTcYa23d84E/I4WLV+yq9eQdQ="
    },
    "graceful-fs": {
      "version": "4.2.6",
      "resolved": "https://registry.npmjs.org/graceful-fs/-/graceful-fs-4.2.6.tgz",
      "integrity": "sha512-nTnJ528pbqxYanhpDYsi4Rd8MAeaBA67+RZ10CM1m3bTAVFEDcd5AuA4a6W5YkGZ1iNXHzZz8T6TBKLeBuNriQ=="
    },
    "md5-file": {
      "version": "5.0.0",
      "resolved": "https://registry.npmjs.org/md5-file/-/md5-file-5.0.0.tgz",
      "integrity": "sha512-xbEFXCYVWrSx/gEKS1VPlg84h/4L20znVIulKw6kMfmBUAZNAnF00eczz9ICMl+/hjQGo5KSXRxbL/47X3rmMw=="
    },
    "path-to-hash": {
      "version": "0.0.1",
      "resolved": "https://registry.npmjs.org/path-to-hash/-/path-to-hash-0.0.1.tgz",
      "integrity": "sha512-0a2+G6iW9I2nIQzSIx2Gz0JSdcfmUWwbHvwhD8jvtoMVVN28+WwsHeawP8WkHfDSpT1beYbDrmPV0Cyquqx+0A==",
      "requires": {
        "data-to-hash": "^0.0.1"
      }
    },
    "path-to-sha512": {
      "version": "0.0.1",
      "resolved": "https://registry.npmjs.org/path-to-sha512/-/path-to-sha512-0.0.1.tgz",
      "integrity": "sha512-r+bgweKO0IBqlL+OlK3rHRSWPzApQaDympdko29W6yF+O8g3P78ZMq73D7JehTdoOXSP8p12YMpT6iYpYXQBog==",
      "requires": {
        "path-to-hash": "^0.0.1"
      }
    }
  }
}
